// !$*UTF8*$!
{
	archiveVersion = 1;
	classes = {
	};
	objectVersion = 46;
	objects = {

/* Begin PBXBuildFile section */
		71CAC80B1EEE1B860090B2B0 /* main.m in Sources */ = {isa = PBXBuildFile; fileRef = 71CAC80A1EEE1B860090B2B0 /* main.m */; };
		71CAC80E1EEE1B860090B2B0 /* AppDelegate.m in Sources */ = {isa = PBXBuildFile; fileRef = 71CAC80D1EEE1B860090B2B0 /* AppDelegate.m */; };
		71CAC8111EEE1B860090B2B0 /* ViewController.m in Sources */ = {isa = PBXBuildFile; fileRef = 71CAC8101EEE1B860090B2B0 /* ViewController.m */; };
		71CAC8141EEE1B860090B2B0 /* Main.storyboard in Resources */ = {isa = PBXBuildFile; fileRef = 71CAC8121EEE1B860090B2B0 /* Main.storyboard */; };
		71CAC8161EEE1B860090B2B0 /* Assets.xcassets in Resources */ = {isa = PBXBuildFile; fileRef = 71CAC8151EEE1B860090B2B0 /* Assets.xcassets */; };
		71CAC8191EEE1B860090B2B0 /* LaunchScreen.storyboard in Resources */ = {isa = PBXBuildFile; fileRef = 71CAC8171EEE1B860090B2B0 /* LaunchScreen.storyboard */; };
		71CAC8271EEE49100090B2B0 /* RoomCollectionViewController.m in Sources */ = {isa = PBXBuildFile; fileRef = 71CAC8261EEE49100090B2B0 /* RoomCollectionViewController.m */; };
		A824C2980A6E430A930FBB21 /* Pods_eclwebrtc_ios_sample_mesh_videochat.framework in Frameworks */ = {isa = PBXBuildFile; fileRef = 25F002C9588E5EBF98428440 /* Pods_eclwebrtc_ios_sample_mesh_videochat.framework */; };
/* End PBXBuildFile section */

/* Begin PBXCopyFilesBuildPhase section */
		71CAC8241EEE26B40090B2B0 /* Embed Frameworks */ = {
			isa = PBXCopyFilesBuildPhase;
			buildActionMask = 2147483647;
			dstPath = "";
			dstSubfolderSpec = 10;
			files = (
			);
			name = "Embed Frameworks";
			runOnlyForDeploymentPostprocessing = 0;
		};
/* End PBXCopyFilesBuildPhase section */

/* Begin PBXFileReference section */
		25F002C9588E5EBF98428440 /* Pods_eclwebrtc_ios_sample_mesh_videochat.framework */ = {isa = PBXFileReference; explicitFileType = wrapper.framework; includeInIndex = 0; path = Pods_eclwebrtc_ios_sample_mesh_videochat.framework; sourceTree = BUILT_PRODUCTS_DIR; };
		71CAC8061EEE1B860090B2B0 /* eclwebrtc-ios-sample-mesh-videochat.app */ = {isa = PBXFileReference; explicitFileType = wrapper.application; includeInIndex = 0; path = "eclwebrtc-ios-sample-mesh-videochat.app"; sourceTree = BUILT_PRODUCTS_DIR; };
		71CAC80A1EEE1B860090B2B0 /* main.m */ = {isa = PBXFileReference; lastKnownFileType = sourcecode.c.objc; path = main.m; sourceTree = "<group>"; };
		71CAC80C1EEE1B860090B2B0 /* AppDelegate.h */ = {isa = PBXFileReference; lastKnownFileType = sourcecode.c.h; path = AppDelegate.h; sourceTree = "<group>"; };
		71CAC80D1EEE1B860090B2B0 /* AppDelegate.m */ = {isa = PBXFileReference; lastKnownFileType = sourcecode.c.objc; path = AppDelegate.m; sourceTree = "<group>"; };
		71CAC80F1EEE1B860090B2B0 /* ViewController.h */ = {isa = PBXFileReference; lastKnownFileType = sourcecode.c.h; path = ViewController.h; sourceTree = "<group>"; };
		71CAC8101EEE1B860090B2B0 /* ViewController.m */ = {isa = PBXFileReference; lastKnownFileType = sourcecode.c.objc; path = ViewController.m; sourceTree = "<group>"; };
		71CAC8131EEE1B860090B2B0 /* Base */ = {isa = PBXFileReference; lastKnownFileType = file.storyboard; name = Base; path = Base.lproj/Main.storyboard; sourceTree = "<group>"; };
		71CAC8151EEE1B860090B2B0 /* Assets.xcassets */ = {isa = PBXFileReference; lastKnownFileType = folder.assetcatalog; path = Assets.xcassets; sourceTree = "<group>"; };
		71CAC8181EEE1B860090B2B0 /* Base */ = {isa = PBXFileReference; lastKnownFileType = file.storyboard; name = Base; path = Base.lproj/LaunchScreen.storyboard; sourceTree = "<group>"; };
		71CAC81A1EEE1B870090B2B0 /* Info.plist */ = {isa = PBXFileReference; lastKnownFileType = text.plist.xml; path = Info.plist; sourceTree = "<group>"; };
		71CAC8251EEE49100090B2B0 /* RoomCollectionViewController.h */ = {isa = PBXFileReference; fileEncoding = 4; lastKnownFileType = sourcecode.c.h; path = RoomCollectionViewController.h; sourceTree = "<group>"; };
		71CAC8261EEE49100090B2B0 /* RoomCollectionViewController.m */ = {isa = PBXFileReference; fileEncoding = 4; lastKnownFileType = sourcecode.c.objc; path = RoomCollectionViewController.m; sourceTree = "<group>"; };
		B15B4A1AB2D5A8FAA89762BD /* Pods-eclwebrtc-ios-sample-mesh-videochat.debug.xcconfig */ = {isa = PBXFileReference; includeInIndex = 1; lastKnownFileType = text.xcconfig; name = "Pods-eclwebrtc-ios-sample-mesh-videochat.debug.xcconfig"; path = "Pods/Target Support Files/Pods-eclwebrtc-ios-sample-mesh-videochat/Pods-eclwebrtc-ios-sample-mesh-videochat.debug.xcconfig"; sourceTree = "<group>"; };
		C53816214BBFAB9ABDC25D81 /* Pods-eclwebrtc-ios-sample-mesh-videochat.release.xcconfig */ = {isa = PBXFileReference; includeInIndex = 1; lastKnownFileType = text.xcconfig; name = "Pods-eclwebrtc-ios-sample-mesh-videochat.release.xcconfig"; path = "Pods/Target Support Files/Pods-eclwebrtc-ios-sample-mesh-videochat/Pods-eclwebrtc-ios-sample-mesh-videochat.release.xcconfig"; sourceTree = "<group>"; };
/* End PBXFileReference section */

/* Begin PBXFrameworksBuildPhase section */
		71CAC8031EEE1B860090B2B0 /* Frameworks */ = {
			isa = PBXFrameworksBuildPhase;
			buildActionMask = 2147483647;
			files = (
				A824C2980A6E430A930FBB21 /* Pods_eclwebrtc_ios_sample_mesh_videochat.framework in Frameworks */,
			);
			runOnlyForDeploymentPostprocessing = 0;
		};
/* End PBXFrameworksBuildPhase section */

/* Begin PBXGroup section */
		5C9A362083C9F611D4841791 /* Frameworks */ = {
			isa = PBXGroup;
			children = (
				25F002C9588E5EBF98428440 /* Pods_eclwebrtc_ios_sample_mesh_videochat.framework */,
			);
			name = Frameworks;
			sourceTree = "<group>";
		};
		71CAC7FD1EEE1B860090B2B0 = {
			isa = PBXGroup;
			children = (
				71CAC8081EEE1B860090B2B0 /* eclwebrtc-ios-sample-mesh-videochat */,
				71CAC8071EEE1B860090B2B0 /* Products */,
				DF8ECF002B1F9E9D3A2AA75F /* Pods */,
				5C9A362083C9F611D4841791 /* Frameworks */,
			);
			sourceTree = "<group>";
		};
		71CAC8071EEE1B860090B2B0 /* Products */ = {
			isa = PBXGroup;
			children = (
				71CAC8061EEE1B860090B2B0 /* eclwebrtc-ios-sample-mesh-videochat.app */,
			);
			name = Products;
			sourceTree = "<group>";
		};
		71CAC8081EEE1B860090B2B0 /* eclwebrtc-ios-sample-mesh-videochat */ = {
			isa = PBXGroup;
			children = (
				71CAC80C1EEE1B860090B2B0 /* AppDelegate.h */,
				71CAC80D1EEE1B860090B2B0 /* AppDelegate.m */,
				71CAC80F1EEE1B860090B2B0 /* ViewController.h */,
				71CAC8101EEE1B860090B2B0 /* ViewController.m */,
				71CAC8251EEE49100090B2B0 /* RoomCollectionViewController.h */,
				71CAC8261EEE49100090B2B0 /* RoomCollectionViewController.m */,
				71CAC8121EEE1B860090B2B0 /* Main.storyboard */,
				71CAC8151EEE1B860090B2B0 /* Assets.xcassets */,
				71CAC8171EEE1B860090B2B0 /* LaunchScreen.storyboard */,
				71CAC81A1EEE1B870090B2B0 /* Info.plist */,
				71CAC8091EEE1B860090B2B0 /* Supporting Files */,
			);
			path = "eclwebrtc-ios-sample-mesh-videochat";
			sourceTree = "<group>";
		};
		71CAC8091EEE1B860090B2B0 /* Supporting Files */ = {
			isa = PBXGroup;
			children = (
				71CAC80A1EEE1B860090B2B0 /* main.m */,
			);
			name = "Supporting Files";
			sourceTree = "<group>";
		};
		DF8ECF002B1F9E9D3A2AA75F /* Pods */ = {
			isa = PBXGroup;
			children = (
				B15B4A1AB2D5A8FAA89762BD /* Pods-eclwebrtc-ios-sample-mesh-videochat.debug.xcconfig */,
				C53816214BBFAB9ABDC25D81 /* Pods-eclwebrtc-ios-sample-mesh-videochat.release.xcconfig */,
			);
			name = Pods;
			sourceTree = "<group>";
		};
/* End PBXGroup section */

/* Begin PBXNativeTarget section */
		71CAC8051EEE1B860090B2B0 /* eclwebrtc-ios-sample-mesh-videochat */ = {
			isa = PBXNativeTarget;
			buildConfigurationList = 71CAC81D1EEE1B870090B2B0 /* Build configuration list for PBXNativeTarget "eclwebrtc-ios-sample-mesh-videochat" */;
			buildPhases = (
				441901392313980CF50A82B6 /* [CP] Check Pods Manifest.lock */,
				71CAC8021EEE1B860090B2B0 /* Sources */,
				71CAC8031EEE1B860090B2B0 /* Frameworks */,
				71CAC8041EEE1B860090B2B0 /* Resources */,
				71CAC8241EEE26B40090B2B0 /* Embed Frameworks */,
				3887B8C26B9135F6134565BA /* [CP] Embed Pods Frameworks */,
			);
			buildRules = (
			);
			dependencies = (
			);
			name = "eclwebrtc-ios-sample-mesh-videochat";
			productName = "eclwebrtc-ios-sample-mesh-videochat";
			productReference = 71CAC8061EEE1B860090B2B0 /* eclwebrtc-ios-sample-mesh-videochat.app */;
			productType = "com.apple.product-type.application";
		};
/* End PBXNativeTarget section */

/* Begin PBXProject section */
		71CAC7FE1EEE1B860090B2B0 /* Project object */ = {
			isa = PBXProject;
			attributes = {
				LastUpgradeCheck = 0830;
				ORGANIZATIONNAME = "NTT Communications";
				TargetAttributes = {
					71CAC8051EEE1B860090B2B0 = {
						CreatedOnToolsVersion = 8.3.2;
						ProvisioningStyle = Automatic;
					};
				};
			};
			buildConfigurationList = 71CAC8011EEE1B860090B2B0 /* Build configuration list for PBXProject "eclwebrtc-ios-sample-mesh-videochat" */;
			compatibilityVersion = "Xcode 3.2";
			developmentRegion = English;
			hasScannedForEncodings = 0;
			knownRegions = (
				en,
				Base,
			);
			mainGroup = 71CAC7FD1EEE1B860090B2B0;
			productRefGroup = 71CAC8071EEE1B860090B2B0 /* Products */;
			projectDirPath = "";
			projectRoot = "";
			targets = (
				71CAC8051EEE1B860090B2B0 /* eclwebrtc-ios-sample-mesh-videochat */,
			);
		};
/* End PBXProject section */

/* Begin PBXResourcesBuildPhase section */
		71CAC8041EEE1B860090B2B0 /* Resources */ = {
			isa = PBXResourcesBuildPhase;
			buildActionMask = 2147483647;
			files = (
				71CAC8191EEE1B860090B2B0 /* LaunchScreen.storyboard in Resources */,
				71CAC8161EEE1B860090B2B0 /* Assets.xcassets in Resources */,
				71CAC8141EEE1B860090B2B0 /* Main.storyboard in Resources */,
			);
			runOnlyForDeploymentPostprocessing = 0;
		};
/* End PBXResourcesBuildPhase section */

/* Begin PBXShellScriptBuildPhase section */
		3887B8C26B9135F6134565BA /* [CP] Embed Pods Frameworks */ = {
			isa = PBXShellScriptBuildPhase;
			buildActionMask = 2147483647;
			files = (
			);
			inputPaths = (
				"${SRCROOT}/Pods/Target Support Files/Pods-eclwebrtc-ios-sample-mesh-videochat/Pods-eclwebrtc-ios-sample-mesh-videochat-frameworks.sh",
				"${PODS_ROOT}/SkyWay/SkyWay.framework",
			);
			name = "[CP] Embed Pods Frameworks";
			outputPaths = (
				"${TARGET_BUILD_DIR}/${FRAMEWORKS_FOLDER_PATH}/SkyWay.framework",
			);
			runOnlyForDeploymentPostprocessing = 0;
			shellPath = /bin/sh;
			shellScript = "\"${SRCROOT}/Pods/Target Support Files/Pods-eclwebrtc-ios-sample-mesh-videochat/Pods-eclwebrtc-ios-sample-mesh-videochat-frameworks.sh\"\n";
			showEnvVarsInLog = 0;
		};
		441901392313980CF50A82B6 /* [CP] Check Pods Manifest.lock */ = {
			isa = PBXShellScriptBuildPhase;
			buildActionMask = 2147483647;
			files = (
			);
			inputPaths = (
				"${PODS_PODFILE_DIR_PATH}/Podfile.lock",
				"${PODS_ROOT}/Manifest.lock",
			);
			name = "[CP] Check Pods Manifest.lock";
			outputPaths = (
				"$(DERIVED_FILE_DIR)/Pods-eclwebrtc-ios-sample-mesh-videochat-checkManifestLockResult.txt",
			);
			runOnlyForDeploymentPostprocessing = 0;
			shellPath = /bin/sh;
			shellScript = "diff \"${PODS_PODFILE_DIR_PATH}/Podfile.lock\" \"${PODS_ROOT}/Manifest.lock\" > /dev/null\nif [ $? != 0 ] ; then\n    # print error to STDERR\n    echo \"error: The sandbox is not in sync with the Podfile.lock. Run 'pod install' or update your CocoaPods installation.\" >&2\n    exit 1\nfi\n# This output is used by Xcode 'outputs' to avoid re-running this script phase.\necho \"SUCCESS\" > \"${SCRIPT_OUTPUT_FILE_0}\"\n";
			showEnvVarsInLog = 0;
		};
/* End PBXShellScriptBuildPhase section */

/* Begin PBXSourcesBuildPhase section */
		71CAC8021EEE1B860090B2B0 /* Sources */ = {
			isa = PBXSourcesBuildPhase;
			buildActionMask = 2147483647;
			files = (
				71CAC8111EEE1B860090B2B0 /* ViewController.m in Sources */,
				71CAC8271EEE49100090B2B0 /* RoomCollectionViewController.m in Sources */,
				71CAC80E1EEE1B860090B2B0 /* AppDelegate.m in Sources */,
				71CAC80B1EEE1B860090B2B0 /* main.m in Sources */,
			);
			runOnlyForDeploymentPostprocessing = 0;
		};
/* End PBXSourcesBuildPhase section */

/* Begin PBXVariantGroup section */
		71CAC8121EEE1B860090B2B0 /* Main.storyboard */ = {
			isa = PBXVariantGroup;
			children = (
				71CAC8131EEE1B860090B2B0 /* Base */,
			);
			name = Main.storyboard;
			sourceTree = "<group>";
		};
		71CAC8171EEE1B860090B2B0 /* LaunchScreen.storyboard */ = {
			isa = PBXVariantGroup;
			children = (
				71CAC8181EEE1B860090B2B0 /* Base */,
			);
			name = LaunchScreen.storyboard;
			sourceTree = "<group>";
		};
/* End PBXVariantGroup section */

/* Begin XCBuildConfiguration section */
		71CAC81B1EEE1B870090B2B0 /* Debug */ = {
			isa = XCBuildConfiguration;
			buildSettings = {
				ALWAYS_SEARCH_USER_PATHS = NO;
				CLANG_ANALYZER_NONNULL = YES;
				CLANG_ANALYZER_NUMBER_OBJECT_CONVERSION = YES_AGGRESSIVE;
				CLANG_CXX_LANGUAGE_STANDARD = "gnu++0x";
				CLANG_CXX_LIBRARY = "libc++";
				CLANG_ENABLE_MODULES = YES;
				CLANG_ENABLE_OBJC_ARC = YES;
				CLANG_WARN_BOOL_CONVERSION = YES;
				CLANG_WARN_CONSTANT_CONVERSION = YES;
				CLANG_WARN_DIRECT_OBJC_ISA_USAGE = YES_ERROR;
				CLANG_WARN_DOCUMENTATION_COMMENTS = YES;
				CLANG_WARN_EMPTY_BODY = YES;
				CLANG_WARN_ENUM_CONVERSION = YES;
				CLANG_WARN_INFINITE_RECURSION = YES;
				CLANG_WARN_INT_CONVERSION = YES;
				CLANG_WARN_OBJC_ROOT_CLASS = YES_ERROR;
				CLANG_WARN_SUSPICIOUS_MOVE = YES;
				CLANG_WARN_UNREACHABLE_CODE = YES;
				CLANG_WARN__DUPLICATE_METHOD_MATCH = YES;
				"CODE_SIGN_IDENTITY[sdk=iphoneos*]" = "iPhone Developer";
				COPY_PHASE_STRIP = NO;
				DEBUG_INFORMATION_FORMAT = dwarf;
				ENABLE_STRICT_OBJC_MSGSEND = YES;
				ENABLE_TESTABILITY = YES;
				GCC_C_LANGUAGE_STANDARD = gnu99;
				GCC_DYNAMIC_NO_PIC = NO;
				GCC_NO_COMMON_BLOCKS = YES;
				GCC_OPTIMIZATION_LEVEL = 0;
				GCC_PREPROCESSOR_DEFINITIONS = (
					"DEBUG=1",
					"$(inherited)",
				);
				GCC_WARN_64_TO_32_BIT_CONVERSION = YES;
				GCC_WARN_ABOUT_RETURN_TYPE = YES_ERROR;
				GCC_WARN_UNDECLARED_SELECTOR = YES;
				GCC_WARN_UNINITIALIZED_AUTOS = YES_AGGRESSIVE;
				GCC_WARN_UNUSED_FUNCTION = YES;
				GCC_WARN_UNUSED_VARIABLE = YES;
				IPHONEOS_DEPLOYMENT_TARGET = 10.3;
				MTL_ENABLE_DEBUG_INFO = YES;
				ONLY_ACTIVE_ARCH = YES;
				SDKROOT = iphoneos;
				TARGETED_DEVICE_FAMILY = "1,2";
			};
			name = Debug;
		};
		71CAC81C1EEE1B870090B2B0 /* Release */ = {
			isa = XCBuildConfiguration;
			buildSettings = {
				ALWAYS_SEARCH_USER_PATHS = NO;
				CLANG_ANALYZER_NONNULL = YES;
				CLANG_ANALYZER_NUMBER_OBJECT_CONVERSION = YES_AGGRESSIVE;
				CLANG_CXX_LANGUAGE_STANDARD = "gnu++0x";
				CLANG_CXX_LIBRARY = "libc++";
				CLANG_ENABLE_MODULES = YES;
				CLANG_ENABLE_OBJC_ARC = YES;
				CLANG_WARN_BOOL_CONVERSION = YES;
				CLANG_WARN_CONSTANT_CONVERSION = YES;
				CLANG_WARN_DIRECT_OBJC_ISA_USAGE = YES_ERROR;
				CLANG_WARN_DOCUMENTATION_COMMENTS = YES;
				CLANG_WARN_EMPTY_BODY = YES;
				CLANG_WARN_ENUM_CONVERSION = YES;
				CLANG_WARN_INFINITE_RECURSION = YES;
				CLANG_WARN_INT_CONVERSION = YES;
				CLANG_WARN_OBJC_ROOT_CLASS = YES_ERROR;
				CLANG_WARN_SUSPICIOUS_MOVE = YES;
				CLANG_WARN_UNREACHABLE_CODE = YES;
				CLANG_WARN__DUPLICATE_METHOD_MATCH = YES;
				"CODE_SIGN_IDENTITY[sdk=iphoneos*]" = "iPhone Developer";
				COPY_PHASE_STRIP = NO;
				DEBUG_INFORMATION_FORMAT = "dwarf-with-dsym";
				ENABLE_NS_ASSERTIONS = NO;
				ENABLE_STRICT_OBJC_MSGSEND = YES;
				GCC_C_LANGUAGE_STANDARD = gnu99;
				GCC_NO_COMMON_BLOCKS = YES;
				GCC_WARN_64_TO_32_BIT_CONVERSION = YES;
				GCC_WARN_ABOUT_RETURN_TYPE = YES_ERROR;
				GCC_WARN_UNDECLARED_SELECTOR = YES;
				GCC_WARN_UNINITIALIZED_AUTOS = YES_AGGRESSIVE;
				GCC_WARN_UNUSED_FUNCTION = YES;
				GCC_WARN_UNUSED_VARIABLE = YES;
				IPHONEOS_DEPLOYMENT_TARGET = 10.3;
				MTL_ENABLE_DEBUG_INFO = NO;
				SDKROOT = iphoneos;
				TARGETED_DEVICE_FAMILY = "1,2";
				VALIDATE_PRODUCT = YES;
			};
			name = Release;
		};
		71CAC81E1EEE1B870090B2B0 /* Debug */ = {
			isa = XCBuildConfiguration;
			baseConfigurationReference = B15B4A1AB2D5A8FAA89762BD /* Pods-eclwebrtc-ios-sample-mesh-videochat.debug.xcconfig */;
			buildSettings = {
				ASSETCATALOG_COMPILER_APPICON_NAME = AppIcon;
				DEVELOPMENT_TEAM = "";
				ENABLE_BITCODE = NO;
				FRAMEWORK_SEARCH_PATHS = (
					"$(inherited)",
					"$(PROJECT_DIR)",
				);
				INFOPLIST_FILE = "eclwebrtc-ios-sample-mesh-videochat/Info.plist";
				IPHONEOS_DEPLOYMENT_TARGET = 8.0;
				LD_RUNPATH_SEARCH_PATHS = "$(inherited) @executable_path/Frameworks";
				PRODUCT_BUNDLE_IDENTIFIER = "com.ntt.ecl-webrtc-ios-sample-mesh-videochat";
				PRODUCT_NAME = "$(TARGET_NAME)";
			};
			name = Debug;
		};
		71CAC81F1EEE1B870090B2B0 /* Release */ = {
			isa = XCBuildConfiguration;
			baseConfigurationReference = C53816214BBFAB9ABDC25D81 /* Pods-eclwebrtc-ios-sample-mesh-videochat.release.xcconfig */;
			buildSettings = {
				ASSETCATALOG_COMPILER_APPICON_NAME = AppIcon;
				DEVELOPMENT_TEAM = "";
				ENABLE_BITCODE = NO;
				FRAMEWORK_SEARCH_PATHS = (
					"$(inherited)",
					"$(PROJECT_DIR)",
				);
				INFOPLIST_FILE = "eclwebrtc-ios-sample-mesh-videochat/Info.plist";
				IPHONEOS_DEPLOYMENT_TARGET = 8.0;
				LD_RUNPATH_SEARCH_PATHS = "$(inherited) @executable_path/Frameworks";
				PRODUCT_BUNDLE_IDENTIFIER = "com.ntt.ecl-webrtc-ios-sample-mesh-videochat";
				PRODUCT_NAME = "$(TARGET_NAME)";
			};
			name = Release;
		};
/* End XCBuildConfiguration section */

/* Begin XCConfigurationList section */
		71CAC8011EEE1B860090B2B0 /* Build configuration list for PBXProject "eclwebrtc-ios-sample-mesh-videochat" */ = {
			isa = XCConfigurationList;
			buildConfigurations = (
				71CAC81B1EEE1B870090B2B0 /* Debug */,
				71CAC81C1EEE1B870090B2B0 /* Release */,
			);
			defaultConfigurationIsVisible = 0;
			defaultConfigurationName = Release;
		};
		71CAC81D1EEE1B870090B2B0 /* Build configuration list for PBXNativeTarget "eclwebrtc-ios-sample-mesh-videochat" */ = {
			isa = XCConfigurationList;
			buildConfigurations = (
				71CAC81E1EEE1B870090B2B0 /* Debug */,
				71CAC81F1EEE1B870090B2B0 /* Release */,
			);
			defaultConfigurationIsVisible = 0;
			defaultConfigurationName = Release;
		};
/* End XCConfigurationList section */
	};
	rootObject = 71CAC7FE1EEE1B860090B2B0 /* Project object */;
}
